// !$*UTF8*$!
{
	archiveVersion = 1;
	classes = {
	};
	objectVersion = 46;
	objects = {

/* Begin PBXBuildFile section */
		74432B4C1F4C23270020B5A3 /* AppDelegate.swift in Sources */ = {isa = PBXBuildFile; fileRef = 74432B4B1F4C23270020B5A3 /* AppDelegate.swift */; };
		74432B4E1F4C23270020B5A3 /* ViewController.swift in Sources */ = {isa = PBXBuildFile; fileRef = 74432B4D1F4C23270020B5A3 /* ViewController.swift */; };
		74432B511F4C23270020B5A3 /* Main.storyboard in Resources */ = {isa = PBXBuildFile; fileRef = 74432B4F1F4C23270020B5A3 /* Main.storyboard */; };
		74432B531F4C23270020B5A3 /* Assets.xcassets in Resources */ = {isa = PBXBuildFile; fileRef = 74432B521F4C23270020B5A3 /* Assets.xcassets */; };
		74432B561F4C23270020B5A3 /* LaunchScreen.storyboard in Resources */ = {isa = PBXBuildFile; fileRef = 74432B541F4C23270020B5A3 /* LaunchScreen.storyboard */; };
/* End PBXBuildFile section */

/* Begin PBXFileReference section */
		74432B481F4C23270020B5A3 /* cardGame.app */ = {isa = PBXFileReference; explicitFileType = wrapper.application; includeInIndex = 0; path = cardGame.app; sourceTree = BUILT_PRODUCTS_DIR; };
		74432B4B1F4C23270020B5A3 /* AppDelegate.swift */ = {isa = PBXFileReference; lastKnownFileType = sourcecode.swift; path = AppDelegate.swift; sourceTree = "<group>"; };
		74432B4D1F4C23270020B5A3 /* ViewController.swift */ = {isa = PBXFileReference; lastKnownFileType = sourcecode.swift; path = ViewController.swift; sourceTree = "<group>"; };
		74432B501F4C23270020B5A3 /* Base */ = {isa = PBXFileReference; lastKnownFileType = file.storyboard; name = Base; path = Base.lproj/Main.storyboard; sourceTree = "<group>"; };
		74432B521F4C23270020B5A3 /* Assets.xcassets */ = {isa = PBXFileReference; lastKnownFileType = folder.assetcatalog; path = Assets.xcassets; sourceTree = "<group>"; };
		74432B551F4C23270020B5A3 /* Base */ = {isa = PBXFileReference; lastKnownFileType = file.storyboard; name = Base; path = Base.lproj/LaunchScreen.storyboard; sourceTree = "<group>"; };
		74432B571F4C23270020B5A3 /* Info.plist */ = {isa = PBXFileReference; lastKnownFileType = text.plist.xml; path = Info.plist; sourceTree = "<group>"; };
/* End PBXFileReference section */

/* Begin PBXFrameworksBuildPhase section */
		74432B451F4C23270020B5A3 /* Frameworks */ = {
			isa = PBXFrameworksBuildPhase;
			buildActionMask = 2147483647;
			files = (
			);
			runOnlyForDeploymentPostprocessing = 0;
		};
/* End PBXFrameworksBuildPhase section */

/* Begin PBXGroup section */
		74432B3F1F4C23260020B5A3 = {
			isa = PBXGroup;
			children = (
				74432B4A1F4C23270020B5A3 /* cardGame */,
				74432B491F4C23270020B5A3 /* Products */,
			);
			sourceTree = "<group>";
		};
		74432B491F4C23270020B5A3 /* Products */ = {
			isa = PBXGroup;
			children = (
				74432B481F4C23270020B5A3 /* cardGame.app */,
			);
			name = Products;
			sourceTree = "<group>";
		};
		74432B4A1F4C23270020B5A3 /* cardGame */ = {
			isa = PBXGroup;
			children = (
				74432B4B1F4C23270020B5A3 /* AppDelegate.swift */,
				74432B4D1F4C23270020B5A3 /* ViewController.swift */,
				74432B4F1F4C23270020B5A3 /* Main.storyboard */,
				74432B521F4C23270020B5A3 /* Assets.xcassets */,
				74432B541F4C23270020B5A3 /* LaunchScreen.storyboard */,
				74432B571F4C23270020B5A3 /* Info.plist */,
			);
			name = cardGame;
			path = warGamerZ;
			sourceTree = "<group>";
		};
/* End PBXGroup section */

/* Begin PBXNativeTarget section */
		74432B471F4C23270020B5A3 /* cardGame */ = {
			isa = PBXNativeTarget;
			buildConfigurationList = 74432B5A1F4C23270020B5A3 /* Build configuration list for PBXNativeTarget "cardGame" */;
			buildPhases = (
				74432B441F4C23270020B5A3 /* Sources */,
				74432B451F4C23270020B5A3 /* Frameworks */,
				74432B461F4C23270020B5A3 /* Resources */,
			);
			buildRules = (
			);
			dependencies = (
			);
			name = cardGame;
			productName = warGamerZ;
			productReference = 74432B481F4C23270020B5A3 /* cardGame.app */;
			productType = "com.apple.product-type.application";
		};
/* End PBXNativeTarget section */

/* Begin PBXProject section */
		74432B401F4C23260020B5A3 /* Project object */ = {
			isa = PBXProject;
			attributes = {
				LastSwiftUpdateCheck = 0830;
				LastUpgradeCheck = 0830;
				ORGANIZATIONNAME = bettercallnilsson;
				TargetAttributes = {
					74432B471F4C23270020B5A3 = {
						CreatedOnToolsVersion = 8.3.3;
						DevelopmentTeam = GS56XPG5RC;
						ProvisioningStyle = Automatic;
					};
				};
			};
			buildConfigurationList = 74432B431F4C23260020B5A3 /* Build configuration list for PBXProject "cardGame" */;
			compatibilityVersion = "Xcode 3.2";
			developmentRegion = English;
			hasScannedForEncodings = 0;
			knownRegions = (
				en,
				Base,
			);
			mainGroup = 74432B3F1F4C23260020B5A3;
			productRefGroup = 74432B491F4C23270020B5A3 /* Products */;
			projectDirPath = "";
			projectRoot = "";
			targets = (
				74432B471F4C23270020B5A3 /* cardGame */,
			);
		};
/* End PBXProject section */

/* Begin PBXResourcesBuildPhase section */
		74432B461F4C23270020B5A3 /* Resources */ = {
			isa = PBXResourcesBuildPhase;
			buildActionMask = 2147483647;
			files = (
				74432B561F4C23270020B5A3 /* LaunchScreen.storyboard in Resources */,
				74432B531F4C23270020B5A3 /* Assets.xcassets in Resources */,
				74432B511F4C23270020B5A3 /* Main.storyboard in Resources */,
			);
			runOnlyForDeploymentPostprocessing = 0;
		};
/* End PBXResourcesBuildPhase section */

/* Begin PBXSourcesBuildPhase section */
		74432B441F4C23270020B5A3 /* Sources */ = {
			isa = PBXSourcesBuildPhase;
			buildActionMask = 2147483647;
			files = (
				74432B4E1F4C23270020B5A3 /* ViewController.swift in Sources */,
				74432B4C1F4C23270020B5A3 /* AppDelegate.swift in Sources */,
			);
			runOnlyForDeploymentPostprocessing = 0;
		};
/* End PBXSourcesBuildPhase section */

/* Begin PBXVariantGroup section */
		74432B4F1F4C23270020B5A3 /* Main.storyboard */ = {
			isa = PBXVariantGroup;
			children = (
				74432B501F4C23270020B5A3 /* Base */,
			);
			name = Main.storyboard;
			sourceTree = "<group>";
		};
		74432B541F4C23270020B5A3 /* LaunchScreen.storyboard */ = {
			isa = PBXVariantGroup;
			children = (
				74432B551F4C23270020B5A3 /* Base */,
			);
			name = LaunchScreen.storyboard;
			sourceTree = "<group>";
		};
/* End PBXVariantGroup section */

/* Begin XCBuildConfiguration section */
		74432B581F4C23270020B5A3 /* Debug */ = {
			isa = XCBuildConfiguration;
			buildSettings = {
				ALWAYS_SEARCH_USER_PATHS = NO;
				CLANG_ANALYZER_NONNULL = YES;
				CLANG_ANALYZER_NUMBER_OBJECT_CONVERSION = YES_AGGRESSIVE;
				CLANG_CXX_LANGUAGE_STANDARD = "gnu++0x";
				CLANG_CXX_LIBRARY = "libc++";
				CLANG_ENABLE_MODULES = YES;
				CLANG_ENABLE_OBJC_ARC = YES;
				CLANG_WARN_BOOL_CONVERSION = YES;
				CLANG_WARN_CONSTANT_CONVERSION = YES;
				CLANG_WARN_DIRECT_OBJC_ISA_USAGE = YES_ERROR;
				CLANG_WARN_DOCUMENTATION_COMMENTS = YES;
				CLANG_WARN_EMPTY_BODY = YES;
				CLANG_WARN_ENUM_CONVERSION = YES;
				CLANG_WARN_INFINITE_RECURSION = YES;
				CLANG_WARN_INT_CONVERSION = YES;
				CLANG_WARN_OBJC_ROOT_CLASS = YES_ERROR;
				CLANG_WARN_SUSPICIOUS_MOVE = YES;
				CLANG_WARN_UNREACHABLE_CODE = YES;
				CLANG_WARN__DUPLICATE_METHOD_MATCH = YES;
				"CODE_SIGN_IDENTITY[sdk=iphoneos*]" = "iPhone Developer";
				COPY_PHASE_STRIP = NO;
				DEBUG_INFORMATION_FORMAT = dwarf;
				ENABLE_STRICT_OBJC_MSGSEND = YES;
				ENABLE_TESTABILITY = YES;
				GCC_C_LANGUAGE_STANDARD = gnu99;
				GCC_DYNAMIC_NO_PIC = NO;
				GCC_NO_COMMON_BLOCKS = YES;
				GCC_OPTIMIZATION_LEVEL = 0;
				GCC_PREPROCESSOR_DEFINITIONS = (
					"DEBUG=1",
					"$(inherited)",
				);
				GCC_WARN_64_TO_32_BIT_CONVERSION = YES;
				GCC_WARN_ABOUT_RETURN_TYPE = YES_ERROR;
				GCC_WARN_UNDECLARED_SELECTOR = YES;
				GCC_WARN_UNINITIALIZED_AUTOS = YES_AGGRESSIVE;
				GCC_WARN_UNUSED_FUNCTION = YES;
				GCC_WARN_UNUSED_VARIABLE = YES;
				IPHONEOS_DEPLOYMENT_TARGET = 10.3;
				MTL_ENABLE_DEBUG_INFO = YES;
				ONLY_ACTIVE_ARCH = YES;
				SDKROOT = iphoneos;
				SWIFT_ACTIVE_COMPILATION_CONDITIONS = DEBUG;
				SWIFT_OPTIMIZATION_LEVEL = "-Onone";
			};
			name = Debug;
		};
		74432B591F4C23270020B5A3 /* Release */ = {
			isa = XCBuildConfiguration;
			buildSettings = {
				ALWAYS_SEARCH_USER_PATHS = NO;
				CLANG_ANALYZER_NONNULL = YES;
				CLANG_ANALYZER_NUMBER_OBJECT_CONVERSION = YES_AGGRESSIVE;
				CLANG_CXX_LANGUAGE_STANDARD = "gnu++0x";
				CLANG_CXX_LIBRARY = "libc++";
				CLANG_ENABLE_MODULES = YES;
				CLANG_ENABLE_OBJC_ARC = YES;
				CLANG_WARN_BOOL_CONVERSION = YES;
				CLANG_WARN_CONSTANT_CONVERSION = YES;
				CLANG_WARN_DIRECT_OBJC_ISA_USAGE = YES_ERROR;
				CLANG_WARN_DOCUMENTATION_COMMENTS = YES;
				CLANG_WARN_EMPTY_BODY = YES;
				CLANG_WARN_ENUM_CONVERSION = YES;
				CLANG_WARN_INFINITE_RECURSION = YES;
				CLANG_WARN_INT_CONVERSION = YES;
				CLANG_WARN_OBJC_ROOT_CLASS = YES_ERROR;
				CLANG_WARN_SUSPICIOUS_MOVE = YES;
				CLANG_WARN_UNREACHABLE_CODE = YES;
				CLANG_WARN__DUPLICATE_METHOD_MATCH = YES;
				"CODE_SIGN_IDENTITY[sdk=iphoneos*]" = "iPhone Developer";
				COPY_PHASE_STRIP = NO;
				DEBUG_INFORMATION_FORMAT = "dwarf-with-dsym";
				ENABLE_NS_ASSERTIONS = NO;
				ENABLE_STRICT_OBJC_MSGSEND = YES;
				GCC_C_LANGUAGE_STANDARD = gnu99;
				GCC_NO_COMMON_BLOCKS = YES;
				GCC_WARN_64_TO_32_BIT_CONVERSION = YES;
				GCC_WARN_ABOUT_RETURN_TYPE = YES_ERROR;
				GCC_WARN_UNDECLARED_SELECTOR = YES;
				GCC_WARN_UNINITIALIZED_AUTOS = YES_AGGRESSIVE;
				GCC_WARN_UNUSED_FUNCTION = YES;
				GCC_WARN_UNUSED_VARIABLE = YES;
				IPHONEOS_DEPLOYMENT_TARGET = 10.3;
				MTL_ENABLE_DEBUG_INFO = NO;
				SDKROOT = iphoneos;
				SWIFT_OPTIMIZATION_LEVEL = "-Owholemodule";
				VALIDATE_PRODUCT = YES;
			};
			name = Release;
		};
		74432B5B1F4C23270020B5A3 /* Debug */ = {
			isa = XCBuildConfiguration;
			buildSettings = {
				ASSETCATALOG_COMPILER_APPICON_NAME = AppIcon;
				DEVELOPMENT_TEAM = GS56XPG5RC;
				INFOPLIST_FILE = warGamerZ/Info.plist;
				LD_RUNPATH_SEARCH_PATHS = "$(inherited) @executable_path/Frameworks";
				PRODUCT_BUNDLE_IDENTIFIER = com.bettercallnilsson.cardGame;
				PRODUCT_NAME = "$(TARGET_NAME)";
				SWIFT_VERSION = 3.0;
			};
			name = Debug;
		};
		74432B5C1F4C23270020B5A3 /* Release */ = {
			isa = XCBuildConfiguration;
			buildSettings = {
				ASSETCATALOG_COMPILER_APPICON_NAME = AppIcon;
				DEVELOPMENT_TEAM = GS56XPG5RC;
				INFOPLIST_FILE = warGamerZ/Info.plist;
				LD_RUNPATH_SEARCH_PATHS = "$(inherited) @executable_path/Frameworks";
				PRODUCT_BUNDLE_IDENTIFIER = com.bettercallnilsson.cardGame;
				PRODUCT_NAME = "$(TARGET_NAME)";
				SWIFT_VERSION = 3.0;
			};
			name = Release;
		};
/* End XCBuildConfiguration section */

/* Begin XCConfigurationList section */
		74432B431F4C23260020B5A3 /* Build configuration list for PBXProject "cardGame" */ = {
			isa = XCConfigurationList;
			buildConfigurations = (
				74432B581F4C23270020B5A3 /* Debug */,
				74432B591F4C23270020B5A3 /* Release */,
			);
			defaultConfigurationIsVisible = 0;
			defaultConfigurationName = Release;
		};
		74432B5A1F4C23270020B5A3 /* Build configuration list for PBXNativeTarget "cardGame" */ = {
			isa = XCConfigurationList;
			buildConfigurations = (
				74432B5B1F4C23270020B5A3 /* Debug */,
				74432B5C1F4C23270020B5A3 /* Release */,
			);
			defaultConfigurationIsVisible = 0;
			defaultConfigurationName = Release;
		};
/* End XCConfigurationList section */
	};
	rootObject = 74432B401F4C23260020B5A3 /* Project object */;
}
